
Microsoft Visual Studio Solution File, Format Version 12.00
# Visual Studio 15
VisualStudioVersion = 15.0.28307.757
MinimumVisualStudioVersion = 10.0.40219.1
Project("{FAE04EC0-301F-11D3-BF4B-00C04F79EFBC}") = "aspnetcore-estudo-api-swagger-dapper", "aspnetcore-estudo-api-swagger-dapper\aspnetcore-estudo-api-swagger-dapper.csproj", "{4E62E1B9-BFFD-45B9-91BB-400BD640144C}"
EndProject
Global
	GlobalSection(SolutionConfigurationPlatforms) = preSolution
		Debug|Any CPU = Debug|Any CPU
		Release|Any CPU = Release|Any CPU
	EndGlobalSection
	GlobalSection(ProjectConfigurationPlatforms) = postSolution
		{4E62E1B9-BFFD-45B9-91BB-400BD640144C}.Debug|Any CPU.ActiveCfg = Debug|Any CPU
		{4E62E1B9-BFFD-45B9-91BB-400BD640144C}.Debug|Any CPU.Build.0 = Debug|Any CPU
		{4E62E1B9-BFFD-45B9-91BB-400BD640144C}.Release|Any CPU.ActiveCfg = Release|Any CPU
		{4E62E1B9-BFFD-45B9-91BB-400BD640144C}.Release|Any CPU.Build.0 = Release|Any CPU
	EndGlobalSection
	GlobalSection(SolutionProperties) = preSolution
		HideSolutionNode = FALSE
	EndGlobalSection
	GlobalSection(ExtensibilityGlobals) = postSolution
		SolutionGuid = {342B12FE-8A6C-4081-8361-C3A12B9A8007}
	EndGlobalSection
EndGlobal
